
Microsoft Visual Studio Solution File, Format Version 12.00
# Visual Studio Version 17
VisualStudioVersion = 17.8.34330.188
MinimumVisualStudioVersion = 10.0.40219.1
Project("{FAE04EC0-301F-11D3-BF4B-00C04F79EFBC}") = "Backend Leave", "Backend Leave\Backend Leave.csproj", "{EA634C67-021E-4F6D-9099-522282CE9524}"
EndProject
Global
	GlobalSection(SolutionConfigurationPlatforms) = preSolution
		Debug|Any CPU = Debug|Any CPU
		Release|Any CPU = Release|Any CPU
	EndGlobalSection
	GlobalSection(ProjectConfigurationPlatforms) = postSolution
		{EA634C67-021E-4F6D-9099-522282CE9524}.Debug|Any CPU.ActiveCfg = Debug|Any CPU
		{EA634C67-021E-4F6D-9099-522282CE9524}.Debug|Any CPU.Build.0 = Debug|Any CPU
		{EA634C67-021E-4F6D-9099-522282CE9524}.Release|Any CPU.ActiveCfg = Release|Any CPU
		{EA634C67-021E-4F6D-9099-522282CE9524}.Release|Any CPU.Build.0 = Release|Any CPU
	EndGlobalSection
	GlobalSection(SolutionProperties) = preSolution
		HideSolutionNode = FALSE
	EndGlobalSection
	GlobalSection(ExtensibilityGlobals) = postSolution
		SolutionGuid = {1DE733D9-9F00-4343-9319-6400293CD023}
	EndGlobalSection
EndGlobal
